
Microsoft Visual Studio Solution File, Format Version 12.00
# Visual Studio Version 17
VisualStudioVersion = 17.0.31903.59
MinimumVisualStudioVersion = 10.0.40219.1
Project("{FAE04EC0-301F-11D3-BF4B-00C04F79EFBC}") = "AutoInsert.UI", "AutoInsert.UI\AutoInsert.UI.csproj", "{50EEDE39-E22F-4F77-9726-5F3754EE64BE}"
EndProject
Project("{FAE04EC0-301F-11D3-BF4B-00C04F79EFBC}") = "AutoInsert.Core", "AutoInsert.Core\AutoInsert.Core.csproj", "{194484F3-F77B-4A4E-BB03-A2C71F3806B7}"
EndProject
Project("{FAE04EC0-301F-11D3-BF4B-00C04F79EFBC}") = "AutoInsert.Shared", "AutoInsert.Shared\AutoInsert.Shared.csproj", "{4D36E4D0-09D5-409E-97B3-A301F52EA901}"
EndProject
Project("{FAE04EC0-301F-11D3-BF4B-00C04F79EFBC}") = "AutoInsert.Core.Tests", "AutoInsert.Core.Tests\AutoInsert.Core.Tests.csproj", "{9298D034-2A56-4A3C-92F9-6949B60A94BA}"
EndProject
Global
	GlobalSection(SolutionConfigurationPlatforms) = preSolution
		Debug|Any CPU = Debug|Any CPU
		Debug|x64 = Debug|x64
		Debug|x86 = Debug|x86
		Release|Any CPU = Release|Any CPU
		Release|x64 = Release|x64
		Release|x86 = Release|x86
	EndGlobalSection
	GlobalSection(ProjectConfigurationPlatforms) = postSolution
		{50EEDE39-E22F-4F77-9726-5F3754EE64BE}.Debug|Any CPU.ActiveCfg = Debug|Any CPU
		{50EEDE39-E22F-4F77-9726-5F3754EE64BE}.Debug|Any CPU.Build.0 = Debug|Any CPU
		{50EEDE39-E22F-4F77-9726-5F3754EE64BE}.Debug|x64.ActiveCfg = Debug|Any CPU
		{50EEDE39-E22F-4F77-9726-5F3754EE64BE}.Debug|x64.Build.0 = Debug|Any CPU
		{50EEDE39-E22F-4F77-9726-5F3754EE64BE}.Debug|x86.ActiveCfg = Debug|Any CPU
		{50EEDE39-E22F-4F77-9726-5F3754EE64BE}.Debug|x86.Build.0 = Debug|Any CPU
		{50EEDE39-E22F-4F77-9726-5F3754EE64BE}.Release|Any CPU.ActiveCfg = Release|Any CPU
		{50EEDE39-E22F-4F77-9726-5F3754EE64BE}.Release|Any CPU.Build.0 = Release|Any CPU
		{50EEDE39-E22F-4F77-9726-5F3754EE64BE}.Release|x64.ActiveCfg = Release|Any CPU
		{50EEDE39-E22F-4F77-9726-5F3754EE64BE}.Release|x64.Build.0 = Release|Any CPU
		{50EEDE39-E22F-4F77-9726-5F3754EE64BE}.Release|x86.ActiveCfg = Release|Any CPU
		{50EEDE39-E22F-4F77-9726-5F3754EE64BE}.Release|x86.Build.0 = Release|Any CPU
		{194484F3-F77B-4A4E-BB03-A2C71F3806B7}.Debug|Any CPU.ActiveCfg = Debug|Any CPU
		{194484F3-F77B-4A4E-BB03-A2C71F3806B7}.Debug|Any CPU.Build.0 = Debug|Any CPU
		{194484F3-F77B-4A4E-BB03-A2C71F3806B7}.Debug|x64.ActiveCfg = Debug|Any CPU
		{194484F3-F77B-4A4E-BB03-A2C71F3806B7}.Debug|x64.Build.0 = Debug|Any CPU
		{194484F3-F77B-4A4E-BB03-A2C71F3806B7}.Debug|x86.ActiveCfg = Debug|Any CPU
		{194484F3-F77B-4A4E-BB03-A2C71F3806B7}.Debug|x86.Build.0 = Debug|Any CPU
		{194484F3-F77B-4A4E-BB03-A2C71F3806B7}.Release|Any CPU.ActiveCfg = Release|Any CPU
		{194484F3-F77B-4A4E-BB03-A2C71F3806B7}.Release|Any CPU.Build.0 = Release|Any CPU
		{194484F3-F77B-4A4E-BB03-A2C71F3806B7}.Release|x64.ActiveCfg = Release|Any CPU
		{194484F3-F77B-4A4E-BB03-A2C71F3806B7}.Release|x64.Build.0 = Release|Any CPU
		{194484F3-F77B-4A4E-BB03-A2C71F3806B7}.Release|x86.ActiveCfg = Release|Any CPU
		{194484F3-F77B-4A4E-BB03-A2C71F3806B7}.Release|x86.Build.0 = Release|Any CPU
		{4D36E4D0-09D5-409E-97B3-A301F52EA901}.Debug|Any CPU.ActiveCfg = Debug|Any CPU
		{4D36E4D0-09D5-409E-97B3-A301F52EA901}.Debug|Any CPU.Build.0 = Debug|Any CPU
		{4D36E4D0-09D5-409E-97B3-A301F52EA901}.Debug|x64.ActiveCfg = Debug|Any CPU
		{4D36E4D0-09D5-409E-97B3-A301F52EA901}.Debug|x64.Build.0 = Debug|Any CPU
		{4D36E4D0-09D5-409E-97B3-A301F52EA901}.Debug|x86.ActiveCfg = Debug|Any CPU
		{4D36E4D0-09D5-409E-97B3-A301F52EA901}.Debug|x86.Build.0 = Debug|Any CPU
		{4D36E4D0-09D5-409E-97B3-A301F52EA901}.Release|Any CPU.ActiveCfg = Release|Any CPU
		{4D36E4D0-09D5-409E-97B3-A301F52EA901}.Release|Any CPU.Build.0 = Release|Any CPU
		{4D36E4D0-09D5-409E-97B3-A301F52EA901}.Release|x64.ActiveCfg = Release|Any CPU
		{4D36E4D0-09D5-409E-97B3-A301F52EA901}.Release|x64.Build.0 = Release|Any CPU
		{4D36E4D0-09D5-409E-97B3-A301F52EA901}.Release|x86.ActiveCfg = Release|Any CPU
		{4D36E4D0-09D5-409E-97B3-A301F52EA901}.Release|x86.Build.0 = Release|Any CPU
		{9298D034-2A56-4A3C-92F9-6949B60A94BA}.Debug|Any CPU.ActiveCfg = Debug|Any CPU
		{9298D034-2A56-4A3C-92F9-6949B60A94BA}.Debug|Any CPU.Build.0 = Debug|Any CPU
		{9298D034-2A56-4A3C-92F9-6949B60A94BA}.Debug|x64.ActiveCfg = Debug|Any CPU
		{9298D034-2A56-4A3C-92F9-6949B60A94BA}.Debug|x64.Build.0 = Debug|Any CPU
		{9298D034-2A56-4A3C-92F9-6949B60A94BA}.Debug|x86.ActiveCfg = Debug|Any CPU
		{9298D034-2A56-4A3C-92F9-6949B60A94BA}.Debug|x86.Build.0 = Debug|Any CPU
		{9298D034-2A56-4A3C-92F9-6949B60A94BA}.Release|Any CPU.ActiveCfg = Release|Any CPU
		{9298D034-2A56-4A3C-92F9-6949B60A94BA}.Release|Any CPU.Build.0 = Release|Any CPU
		{9298D034-2A56-4A3C-92F9-6949B60A94BA}.Release|x64.ActiveCfg = Release|Any CPU
		{9298D034-2A56-4A3C-92F9-6949B60A94BA}.Release|x64.Build.0 = Release|Any CPU
		{9298D034-2A56-4A3C-92F9-6949B60A94BA}.Release|x86.ActiveCfg = Release|Any CPU
		{9298D034-2A56-4A3C-92F9-6949B60A94BA}.Release|x86.Build.0 = Release|Any CPU
	EndGlobalSection
	GlobalSection(SolutionProperties) = preSolution
		HideSolutionNode = FALSE
	EndGlobalSection
EndGlobal
