
Microsoft Visual Studio Solution File, Format Version 12.00
# Visual Studio Version 17
VisualStudioVersion = 17.0.31903.59
MinimumVisualStudioVersion = 10.0.40219.1
Project("{FAE04EC0-301F-11D3-BF4B-00C04F79EFBC}") = "AutoInsert.Core", "AutoInsert.Core\AutoInsert.Core.csproj", "{C500DD38-8FF5-4312-AF67-FAF87CECAA64}"
EndProject
Project("{FAE04EC0-301F-11D3-BF4B-00C04F79EFBC}") = "AutoInsert.Shared", "AutoInsert.Shared\AutoInsert.Shared.csproj", "{DBF33473-ECFA-46F3-A359-994209176290}"
EndProject
Global
	GlobalSection(SolutionConfigurationPlatforms) = preSolution
		Debug|Any CPU = Debug|Any CPU
		Release|Any CPU = Release|Any CPU
	EndGlobalSection
	GlobalSection(SolutionProperties) = preSolution
		HideSolutionNode = FALSE
	EndGlobalSection
	GlobalSection(ProjectConfigurationPlatforms) = postSolution
		{C500DD38-8FF5-4312-AF67-FAF87CECAA64}.Debug|Any CPU.ActiveCfg = Debug|Any CPU
		{C500DD38-8FF5-4312-AF67-FAF87CECAA64}.Debug|Any CPU.Build.0 = Debug|Any CPU
		{C500DD38-8FF5-4312-AF67-FAF87CECAA64}.Release|Any CPU.ActiveCfg = Release|Any CPU
		{C500DD38-8FF5-4312-AF67-FAF87CECAA64}.Release|Any CPU.Build.0 = Release|Any CPU
		{DBF33473-ECFA-46F3-A359-994209176290}.Debug|Any CPU.ActiveCfg = Debug|Any CPU
		{DBF33473-ECFA-46F3-A359-994209176290}.Debug|Any CPU.Build.0 = Debug|Any CPU
		{DBF33473-ECFA-46F3-A359-994209176290}.Release|Any CPU.ActiveCfg = Release|Any CPU
		{DBF33473-ECFA-46F3-A359-994209176290}.Release|Any CPU.Build.0 = Release|Any CPU
	EndGlobalSection
EndGlobal
